// !$*UTF8*$!
{
	archiveVersion = 1;
	classes = {
	};
	objectVersion = 46;
	objects = {

/* Begin PBXBuildFile section */
		2221C86D141F66E3005E9538 /* UIKit.framework in Frameworks */ = {isa = PBXBuildFile; fileRef = 2221C86C141F66E3005E9538 /* UIKit.framework */; };
		2221C86F141F66E3005E9538 /* Foundation.framework in Frameworks */ = {isa = PBXBuildFile; fileRef = 2221C86E141F66E3005E9538 /* Foundation.framework */; };
		2221C871141F66E3005E9538 /* CoreGraphics.framework in Frameworks */ = {isa = PBXBuildFile; fileRef = 2221C870141F66E3005E9538 /* CoreGraphics.framework */; };
		2221C877141F66E3005E9538 /* InfoPlist.strings in Resources */ = {isa = PBXBuildFile; fileRef = 2221C875141F66E3005E9538 /* InfoPlist.strings */; };
		2221C879141F66E3005E9538 /* main.m in Sources */ = {isa = PBXBuildFile; fileRef = 2221C878141F66E3005E9538 /* main.m */; };
		2221C87D141F66E3005E9538 /* TestingTemplatesAppDelegate.m in Sources */ = {isa = PBXBuildFile; fileRef = 2221C87C141F66E3005E9538 /* TestingTemplatesAppDelegate.m */; };
		2221C880141F66E3005E9538 /* MainWindow.xib in Resources */ = {isa = PBXBuildFile; fileRef = 2221C87E141F66E3005E9538 /* MainWindow.xib */; };
		2221C883141F66E4005E9538 /* TestingTemplatesViewController.m in Sources */ = {isa = PBXBuildFile; fileRef = 2221C882141F66E4005E9538 /* TestingTemplatesViewController.m */; };
		2221C886141F66E4005E9538 /* TestingTemplatesViewController.xib in Resources */ = {isa = PBXBuildFile; fileRef = 2221C884141F66E4005E9538 /* TestingTemplatesViewController.xib */; };
		2221C892141F66F0005E9538 /* UIKit.framework in Frameworks */ = {isa = PBXBuildFile; fileRef = 2221C86C141F66E3005E9538 /* UIKit.framework */; };
		2221C893141F66F0005E9538 /* Foundation.framework in Frameworks */ = {isa = PBXBuildFile; fileRef = 2221C86E141F66E3005E9538 /* Foundation.framework */; };
		2221C894141F66F0005E9538 /* CoreGraphics.framework in Frameworks */ = {isa = PBXBuildFile; fileRef = 2221C870141F66E3005E9538 /* CoreGraphics.framework */; };
		2221C89A141F66F0005E9538 /* InfoPlist.strings in Resources */ = {isa = PBXBuildFile; fileRef = 2221C898141F66F0005E9538 /* InfoPlist.strings */; };
		2221C89C141F66F0005E9538 /* main.m in Sources */ = {isa = PBXBuildFile; fileRef = 2221C89B141F66F0005E9538 /* main.m */; };
		2221C8B0141F68C1005E9538 /* GHUnitIOS.framework in Frameworks */ = {isa = PBXBuildFile; fileRef = 2221C8AF141F68C1005E9538 /* GHUnitIOS.framework */; };
		2221C8B2141F698F005E9538 /* OCMock.framework in Frameworks */ = {isa = PBXBuildFile; fileRef = 2221C8B1141F698F005E9538 /* OCMock.framework */; };
		2221C8B4141F69BA005E9538 /* libOCMock.a in Frameworks */ = {isa = PBXBuildFile; fileRef = 2221C8B3141F69BA005E9538 /* libOCMock.a */; };
		2221C8B6141F69EF005E9538 /* OCMock.framework in Copy OCMock */ = {isa = PBXBuildFile; fileRef = 2221C8B1141F698F005E9538 /* OCMock.framework */; };
		2221C8B9141F6A7C005E9538 /* TestTemplate.m in Sources */ = {isa = PBXBuildFile; fileRef = 2221C8B8141F6A7B005E9538 /* TestTemplate.m */; };
/* End PBXBuildFile section */

/* Begin PBXCopyFilesBuildPhase section */
		2221C8B5141F69D4005E9538 /* Copy OCMock */ = {
			isa = PBXCopyFilesBuildPhase;
			buildActionMask = 2147483647;
			dstPath = "$(BUILT_PRODUCTS_DIR)";
			dstSubfolderSpec = 0;
			files = (
				2221C8B6141F69EF005E9538 /* OCMock.framework in Copy OCMock */,
			);
			name = "Copy OCMock";
			runOnlyForDeploymentPostprocessing = 0;
		};
/* End PBXCopyFilesBuildPhase section */

/* Begin PBXFileReference section */
		2221C868141F66E3005E9538 /* TestingTemplates.app */ = {isa = PBXFileReference; explicitFileType = wrapper.application; includeInIndex = 0; path = TestingTemplates.app; sourceTree = BUILT_PRODUCTS_DIR; };
		2221C86C141F66E3005E9538 /* UIKit.framework */ = {isa = PBXFileReference; lastKnownFileType = wrapper.framework; name = UIKit.framework; path = System/Library/Frameworks/UIKit.framework; sourceTree = SDKROOT; };
		2221C86E141F66E3005E9538 /* Foundation.framework */ = {isa = PBXFileReference; lastKnownFileType = wrapper.framework; name = Foundation.framework; path = System/Library/Frameworks/Foundation.framework; sourceTree = SDKROOT; };
		2221C870141F66E3005E9538 /* CoreGraphics.framework */ = {isa = PBXFileReference; lastKnownFileType = wrapper.framework; name = CoreGraphics.framework; path = System/Library/Frameworks/CoreGraphics.framework; sourceTree = SDKROOT; };
		2221C874141F66E3005E9538 /* TestingTemplates-Info.plist */ = {isa = PBXFileReference; lastKnownFileType = text.plist.xml; path = "TestingTemplates-Info.plist"; sourceTree = "<group>"; };
		2221C876141F66E3005E9538 /* en */ = {isa = PBXFileReference; lastKnownFileType = text.plist.strings; name = en; path = en.lproj/InfoPlist.strings; sourceTree = "<group>"; };
		2221C878141F66E3005E9538 /* main.m */ = {isa = PBXFileReference; lastKnownFileType = sourcecode.c.objc; path = main.m; sourceTree = "<group>"; };
		2221C87A141F66E3005E9538 /* TestingTemplates-Prefix.pch */ = {isa = PBXFileReference; lastKnownFileType = sourcecode.c.h; path = "TestingTemplates-Prefix.pch"; sourceTree = "<group>"; };
		2221C87B141F66E3005E9538 /* TestingTemplatesAppDelegate.h */ = {isa = PBXFileReference; lastKnownFileType = sourcecode.c.h; path = TestingTemplatesAppDelegate.h; sourceTree = "<group>"; };
		2221C87C141F66E3005E9538 /* TestingTemplatesAppDelegate.m */ = {isa = PBXFileReference; lastKnownFileType = sourcecode.c.objc; path = TestingTemplatesAppDelegate.m; sourceTree = "<group>"; };
		2221C87F141F66E3005E9538 /* en */ = {isa = PBXFileReference; lastKnownFileType = file.xib; name = en; path = en.lproj/MainWindow.xib; sourceTree = "<group>"; };
		2221C881141F66E3005E9538 /* TestingTemplatesViewController.h */ = {isa = PBXFileReference; lastKnownFileType = sourcecode.c.h; path = TestingTemplatesViewController.h; sourceTree = "<group>"; };
		2221C882141F66E4005E9538 /* TestingTemplatesViewController.m */ = {isa = PBXFileReference; lastKnownFileType = sourcecode.c.objc; path = TestingTemplatesViewController.m; sourceTree = "<group>"; };
		2221C885141F66E4005E9538 /* en */ = {isa = PBXFileReference; lastKnownFileType = file.xib; name = en; path = en.lproj/TestingTemplatesViewController.xib; sourceTree = "<group>"; };
		2221C890141F66F0005E9538 /* Tests.app */ = {isa = PBXFileReference; explicitFileType = wrapper.application; includeInIndex = 0; path = Tests.app; sourceTree = BUILT_PRODUCTS_DIR; };
		2221C897141F66F0005E9538 /* Tests-Info.plist */ = {isa = PBXFileReference; lastKnownFileType = text.plist.xml; path = "Tests-Info.plist"; sourceTree = "<group>"; };
		2221C899141F66F0005E9538 /* en */ = {isa = PBXFileReference; lastKnownFileType = text.plist.strings; name = en; path = en.lproj/InfoPlist.strings; sourceTree = "<group>"; };
		2221C89B141F66F0005E9538 /* main.m */ = {isa = PBXFileReference; lastKnownFileType = sourcecode.c.objc; path = main.m; sourceTree = "<group>"; };
		2221C89D141F66F0005E9538 /* Tests-Prefix.pch */ = {isa = PBXFileReference; lastKnownFileType = sourcecode.c.h; path = "Tests-Prefix.pch"; sourceTree = "<group>"; };
		2221C8AF141F68C1005E9538 /* GHUnitIOS.framework */ = {isa = PBXFileReference; lastKnownFileType = wrapper.framework; path = GHUnitIOS.framework; sourceTree = "<group>"; };
		2221C8B1141F698F005E9538 /* OCMock.framework */ = {isa = PBXFileReference; lastKnownFileType = wrapper.framework; path = OCMock.framework; sourceTree = "<group>"; };
		2221C8B3141F69BA005E9538 /* libOCMock.a */ = {isa = PBXFileReference; lastKnownFileType = archive.ar; path = libOCMock.a; sourceTree = "<group>"; };
		2221C8B8141F6A7B005E9538 /* TestTemplate.m */ = {isa = PBXFileReference; fileEncoding = 4; lastKnownFileType = sourcecode.c.objc; path = TestTemplate.m; sourceTree = "<group>"; };
/* End PBXFileReference section */

/* Begin PBXFrameworksBuildPhase section */
		2221C865141F66E3005E9538 /* Frameworks */ = {
			isa = PBXFrameworksBuildPhase;
			buildActionMask = 2147483647;
			files = (
				2221C86D141F66E3005E9538 /* UIKit.framework in Frameworks */,
				2221C86F141F66E3005E9538 /* Foundation.framework in Frameworks */,
				2221C871141F66E3005E9538 /* CoreGraphics.framework in Frameworks */,
			);
			runOnlyForDeploymentPostprocessing = 0;
		};
		2221C88D141F66F0005E9538 /* Frameworks */ = {
			isa = PBXFrameworksBuildPhase;
			buildActionMask = 2147483647;
			files = (
				2221C892141F66F0005E9538 /* UIKit.framework in Frameworks */,
				2221C893141F66F0005E9538 /* Foundation.framework in Frameworks */,
				2221C894141F66F0005E9538 /* CoreGraphics.framework in Frameworks */,
				2221C8B0141F68C1005E9538 /* GHUnitIOS.framework in Frameworks */,
				2221C8B2141F698F005E9538 /* OCMock.framework in Frameworks */,
				2221C8B4141F69BA005E9538 /* libOCMock.a in Frameworks */,
			);
			runOnlyForDeploymentPostprocessing = 0;
		};
/* End PBXFrameworksBuildPhase section */

/* Begin PBXGroup section */
		2221C85D141F66E3005E9538 = {
			isa = PBXGroup;
			children = (
				2221C872141F66E3005E9538 /* TestingTemplates */,
				2221C895141F66F0005E9538 /* Tests */,
				2221C86B141F66E3005E9538 /* Frameworks */,
				2221C869141F66E3005E9538 /* Products */,
			);
			sourceTree = "<group>";
		};
		2221C869141F66E3005E9538 /* Products */ = {
			isa = PBXGroup;
			children = (
				2221C868141F66E3005E9538 /* TestingTemplates.app */,
				2221C890141F66F0005E9538 /* Tests.app */,
			);
			name = Products;
			sourceTree = "<group>";
		};
		2221C86B141F66E3005E9538 /* Frameworks */ = {
			isa = PBXGroup;
			children = (
				2221C8B3141F69BA005E9538 /* libOCMock.a */,
				2221C8B1141F698F005E9538 /* OCMock.framework */,
				2221C8AF141F68C1005E9538 /* GHUnitIOS.framework */,
				2221C86C141F66E3005E9538 /* UIKit.framework */,
				2221C86E141F66E3005E9538 /* Foundation.framework */,
				2221C870141F66E3005E9538 /* CoreGraphics.framework */,
			);
			name = Frameworks;
			sourceTree = "<group>";
		};
		2221C872141F66E3005E9538 /* TestingTemplates */ = {
			isa = PBXGroup;
			children = (
				2221C87B141F66E3005E9538 /* TestingTemplatesAppDelegate.h */,
				2221C87C141F66E3005E9538 /* TestingTemplatesAppDelegate.m */,
				2221C87E141F66E3005E9538 /* MainWindow.xib */,
				2221C881141F66E3005E9538 /* TestingTemplatesViewController.h */,
				2221C882141F66E4005E9538 /* TestingTemplatesViewController.m */,
				2221C884141F66E4005E9538 /* TestingTemplatesViewController.xib */,
				2221C873141F66E3005E9538 /* Supporting Files */,
			);
			path = TestingTemplates;
			sourceTree = "<group>";
		};
		2221C873141F66E3005E9538 /* Supporting Files */ = {
			isa = PBXGroup;
			children = (
				2221C874141F66E3005E9538 /* TestingTemplates-Info.plist */,
				2221C875141F66E3005E9538 /* InfoPlist.strings */,
				2221C878141F66E3005E9538 /* main.m */,
				2221C87A141F66E3005E9538 /* TestingTemplates-Prefix.pch */,
			);
			name = "Supporting Files";
			sourceTree = "<group>";
		};
		2221C895141F66F0005E9538 /* Tests */ = {
			isa = PBXGroup;
			children = (
				2221C8BA141F6A83005E9538 /* Test files */,
				2221C896141F66F0005E9538 /* Supporting Files */,
			);
			path = Tests;
			sourceTree = "<group>";
		};
		2221C896141F66F0005E9538 /* Supporting Files */ = {
			isa = PBXGroup;
			children = (
				2221C897141F66F0005E9538 /* Tests-Info.plist */,
				2221C898141F66F0005E9538 /* InfoPlist.strings */,
				2221C89B141F66F0005E9538 /* main.m */,
				2221C89D141F66F0005E9538 /* Tests-Prefix.pch */,
			);
			name = "Supporting Files";
			sourceTree = "<group>";
		};
		2221C8BA141F6A83005E9538 /* Test files */ = {
			isa = PBXGroup;
			children = (
				2221C8B8141F6A7B005E9538 /* TestTemplate.m */,
			);
			name = "Test files";
			sourceTree = "<group>";
		};
/* End PBXGroup section */

/* Begin PBXNativeTarget section */
		2221C867141F66E3005E9538 /* TestingTemplates */ = {
			isa = PBXNativeTarget;
			buildConfigurationList = 2221C889141F66E4005E9538 /* Build configuration list for PBXNativeTarget "TestingTemplates" */;
			buildPhases = (
				2221C864141F66E3005E9538 /* Sources */,
				2221C865141F66E3005E9538 /* Frameworks */,
				2221C866141F66E3005E9538 /* Resources */,
			);
			buildRules = (
			);
			dependencies = (
			);
			name = TestingTemplates;
			productName = TestingTemplates;
			productReference = 2221C868141F66E3005E9538 /* TestingTemplates.app */;
			productType = "com.apple.product-type.application";
		};
		2221C88F141F66F0005E9538 /* Tests */ = {
			isa = PBXNativeTarget;
			buildConfigurationList = 2221C8A4141F66F0005E9538 /* Build configuration list for PBXNativeTarget "Tests" */;
			buildPhases = (
				2221C88C141F66F0005E9538 /* Sources */,
				2221C8B5141F69D4005E9538 /* Copy OCMock */,
				2221C88D141F66F0005E9538 /* Frameworks */,
				2221C88E141F66F0005E9538 /* Resources */,
			);
			buildRules = (
			);
			dependencies = (
			);
			name = Tests;
			productName = Tests;
			productReference = 2221C890141F66F0005E9538 /* Tests.app */;
			productType = "com.apple.product-type.application";
		};
/* End PBXNativeTarget section */

/* Begin PBXProject section */
		2221C85F141F66E3005E9538 /* Project object */ = {
			isa = PBXProject;
			attributes = {
				ORGANIZATIONNAME = "Charismatic Megafauna Ltd";
			};
			buildConfigurationList = 2221C862141F66E3005E9538 /* Build configuration list for PBXProject "TestingTemplates" */;
			compatibilityVersion = "Xcode 3.2";
			developmentRegion = English;
			hasScannedForEncodings = 0;
			knownRegions = (
				en,
			);
			mainGroup = 2221C85D141F66E3005E9538;
			productRefGroup = 2221C869141F66E3005E9538 /* Products */;
			projectDirPath = "";
			projectRoot = "";
			targets = (
				2221C867141F66E3005E9538 /* TestingTemplates */,
				2221C88F141F66F0005E9538 /* Tests */,
			);
		};
/* End PBXProject section */

/* Begin PBXResourcesBuildPhase section */
		2221C866141F66E3005E9538 /* Resources */ = {
			isa = PBXResourcesBuildPhase;
			buildActionMask = 2147483647;
			files = (
				2221C877141F66E3005E9538 /* InfoPlist.strings in Resources */,
				2221C880141F66E3005E9538 /* MainWindow.xib in Resources */,
				2221C886141F66E4005E9538 /* TestingTemplatesViewController.xib in Resources */,
			);
			runOnlyForDeploymentPostprocessing = 0;
		};
		2221C88E141F66F0005E9538 /* Resources */ = {
			isa = PBXResourcesBuildPhase;
			buildActionMask = 2147483647;
			files = (
				2221C89A141F66F0005E9538 /* InfoPlist.strings in Resources */,
			);
			runOnlyForDeploymentPostprocessing = 0;
		};
/* End PBXResourcesBuildPhase section */

/* Begin PBXSourcesBuildPhase section */
		2221C864141F66E3005E9538 /* Sources */ = {
			isa = PBXSourcesBuildPhase;
			buildActionMask = 2147483647;
			files = (
				2221C879141F66E3005E9538 /* main.m in Sources */,
				2221C87D141F66E3005E9538 /* TestingTemplatesAppDelegate.m in Sources */,
				2221C883141F66E4005E9538 /* TestingTemplatesViewController.m in Sources */,
			);
			runOnlyForDeploymentPostprocessing = 0;
		};
		2221C88C141F66F0005E9538 /* Sources */ = {
			isa = PBXSourcesBuildPhase;
			buildActionMask = 2147483647;
			files = (
				2221C89C141F66F0005E9538 /* main.m in Sources */,
				2221C8B9141F6A7C005E9538 /* TestTemplate.m in Sources */,
			);
			runOnlyForDeploymentPostprocessing = 0;
		};
/* End PBXSourcesBuildPhase section */

/* Begin PBXVariantGroup section */
		2221C875141F66E3005E9538 /* InfoPlist.strings */ = {
			isa = PBXVariantGroup;
			children = (
				2221C876141F66E3005E9538 /* en */,
			);
			name = InfoPlist.strings;
			sourceTree = "<group>";
		};
		2221C87E141F66E3005E9538 /* MainWindow.xib */ = {
			isa = PBXVariantGroup;
			children = (
				2221C87F141F66E3005E9538 /* en */,
			);
			name = MainWindow.xib;
			sourceTree = "<group>";
		};
		2221C884141F66E4005E9538 /* TestingTemplatesViewController.xib */ = {
			isa = PBXVariantGroup;
			children = (
				2221C885141F66E4005E9538 /* en */,
			);
			name = TestingTemplatesViewController.xib;
			sourceTree = "<group>";
		};
		2221C898141F66F0005E9538 /* InfoPlist.strings */ = {
			isa = PBXVariantGroup;
			children = (
				2221C899141F66F0005E9538 /* en */,
			);
			name = InfoPlist.strings;
			sourceTree = "<group>";
		};
/* End PBXVariantGroup section */

/* Begin XCBuildConfiguration section */
		2221C887141F66E4005E9538 /* Debug */ = {
			isa = XCBuildConfiguration;
			buildSettings = {
				ALWAYS_SEARCH_USER_PATHS = NO;
				ARCHS = "$(ARCHS_STANDARD_32_BIT)";
				"CODE_SIGN_IDENTITY[sdk=iphoneos*]" = "iPhone Developer";
				COPY_PHASE_STRIP = NO;
				GCC_C_LANGUAGE_STANDARD = gnu99;
				GCC_DYNAMIC_NO_PIC = NO;
				GCC_OPTIMIZATION_LEVEL = 0;
				GCC_PREPROCESSOR_DEFINITIONS = (
					"DEBUG=1",
					"$(inherited)",
				);
				GCC_SYMBOLS_PRIVATE_EXTERN = NO;
				GCC_VERSION = com.apple.compilers.llvmgcc42;
				GCC_WARN_ABOUT_MISSING_PROTOTYPES = YES;
				GCC_WARN_ABOUT_RETURN_TYPE = YES;
				GCC_WARN_UNUSED_VARIABLE = YES;
				IPHONEOS_DEPLOYMENT_TARGET = 4.3;
				SDKROOT = iphoneos;
			};
			name = Debug;
		};
		2221C888141F66E4005E9538 /* Release */ = {
			isa = XCBuildConfiguration;
			buildSettings = {
				ALWAYS_SEARCH_USER_PATHS = NO;
				ARCHS = "$(ARCHS_STANDARD_32_BIT)";
				"CODE_SIGN_IDENTITY[sdk=iphoneos*]" = "iPhone Developer";
				COPY_PHASE_STRIP = YES;
				GCC_C_LANGUAGE_STANDARD = gnu99;
				GCC_VERSION = com.apple.compilers.llvmgcc42;
				GCC_WARN_ABOUT_MISSING_PROTOTYPES = YES;
				GCC_WARN_ABOUT_RETURN_TYPE = YES;
				GCC_WARN_UNUSED_VARIABLE = YES;
				IPHONEOS_DEPLOYMENT_TARGET = 4.3;
				OTHER_CFLAGS = "-DNS_BLOCK_ASSERTIONS=1";
				SDKROOT = iphoneos;
				VALIDATE_PRODUCT = YES;
			};
			name = Release;
		};
		2221C88A141F66E4005E9538 /* Debug */ = {
			isa = XCBuildConfiguration;
			buildSettings = {
				GCC_PRECOMPILE_PREFIX_HEADER = YES;
				GCC_PREFIX_HEADER = "TestingTemplates/TestingTemplates-Prefix.pch";
				INFOPLIST_FILE = "TestingTemplates/TestingTemplates-Info.plist";
				PRODUCT_NAME = "$(TARGET_NAME)";
				WRAPPER_EXTENSION = app;
			};
			name = Debug;
		};
		2221C88B141F66E4005E9538 /* Release */ = {
			isa = XCBuildConfiguration;
			buildSettings = {
				GCC_PRECOMPILE_PREFIX_HEADER = YES;
				GCC_PREFIX_HEADER = "TestingTemplates/TestingTemplates-Prefix.pch";
				INFOPLIST_FILE = "TestingTemplates/TestingTemplates-Info.plist";
				PRODUCT_NAME = "$(TARGET_NAME)";
				WRAPPER_EXTENSION = app;
			};
			name = Release;
		};
		2221C8A5141F66F0005E9538 /* Debug */ = {
			isa = XCBuildConfiguration;
			buildSettings = {
				"CODE_SIGN_IDENTITY[sdk=iphoneos*]" = "iPhone Developer";
				FRAMEWORK_SEARCH_PATHS = (
					"$(inherited)",
					"\"$(SRCROOT)/../../../../../Code/Resources/Libraries/gh-unit/Examples/MyTestable-iOS\"",
					"\"$(SRCROOT)\"",
				);
				GCC_PRECOMPILE_PREFIX_HEADER = YES;
				GCC_PREFIX_HEADER = "Tests/Tests-Prefix.pch";
				INFOPLIST_FILE = "Tests/Tests-Info.plist";
				LIBRARY_SEARCH_PATHS = (
					"$(inherited)",
					"\"$(SRCROOT)\"",
				);
				OTHER_LDFLAGS = (
					"-all_load",
					"-ObjC",
				);
				PRODUCT_NAME = "$(TARGET_NAME)";
				WRAPPER_EXTENSION = app;
			};
			name = Debug;
		};
		2221C8A6141F66F0005E9538 /* Release */ = {
			isa = XCBuildConfiguration;
			buildSettings = {
				"CODE_SIGN_IDENTITY[sdk=iphoneos*]" = "iPhone Developer";
				FRAMEWORK_SEARCH_PATHS = (
					"$(inherited)",
					"\"$(SRCROOT)/../../../../../Code/Resources/Libraries/gh-unit/Examples/MyTestable-iOS\"",
					"\"$(SRCROOT)\"",
				);
				GCC_PRECOMPILE_PREFIX_HEADER = YES;
				GCC_PREFIX_HEADER = "Tests/Tests-Prefix.pch";
				INFOPLIST_FILE = "Tests/Tests-Info.plist";
				LIBRARY_SEARCH_PATHS = (
					"$(inherited)",
					"\"$(SRCROOT)\"",
				);
				OTHER_LDFLAGS = (
					"-all_load",
					"-ObjC",
				);
				PRODUCT_NAME = "$(TARGET_NAME)";
				WRAPPER_EXTENSION = app;
			};
			name = Release;
		};
/* End XCBuildConfiguration section */

/* Begin XCConfigurationList section */
		2221C862141F66E3005E9538 /* Build configuration list for PBXProject "TestingTemplates" */ = {
			isa = XCConfigurationList;
			buildConfigurations = (
				2221C887141F66E4005E9538 /* Debug */,
				2221C888141F66E4005E9538 /* Release */,
			);
			defaultConfigurationIsVisible = 0;
			defaultConfigurationName = Release;
		};
		2221C889141F66E4005E9538 /* Build configuration list for PBXNativeTarget "TestingTemplates" */ = {
			isa = XCConfigurationList;
			buildConfigurations = (
				2221C88A141F66E4005E9538 /* Debug */,
				2221C88B141F66E4005E9538 /* Release */,
			);
			defaultConfigurationIsVisible = 0;
			defaultConfigurationName = Release;
		};
		2221C8A4141F66F0005E9538 /* Build configuration list for PBXNativeTarget "Tests" */ = {
			isa = XCConfigurationList;
			buildConfigurations = (
				2221C8A5141F66F0005E9538 /* Debug */,
				2221C8A6141F66F0005E9538 /* Release */,
			);
			defaultConfigurationIsVisible = 0;
			defaultConfigurationName = Release;
		};
/* End XCConfigurationList section */
	};
	rootObject = 2221C85F141F66E3005E9538 /* Project object */;
}
